<?xml version="1.0" encoding="utf-8"?>
<Project ToolsVersion="4.0" xmlns="http://schemas.microsoft.com/developer/msbuild/2003">
  <ItemGroup>
    <Filter Include="Source Files">
      <UniqueIdentifier>{4FC737F1-C7A5-4376-A066-2A32D752A2FF}</UniqueIdentifier>
      <Extensions>cpp;c;cc;cxx;def;odl;idl;hpj;bat;asm;asmx</Extensions>
    </Filter>
    <Filter Include="Header Files">
      <UniqueIdentifier>{93995380-89BD-4b04-88EB-625FBE52EBFB}</UniqueIdentifier>
      <Extensions>h;hh;hpp;hxx;hm;inl;inc;ipp;xsd</Extensions>
    </Filter>
    <Filter Include="Resource Files">
      <UniqueIdentifier>{67DA6AB6-F800-4c08-8B7A-83BB121AAD01}</UniqueIdentifier>
      <Extensions>rc;ico;cur;bmp;dlg;rc2;rct;bin;rgs;gif;jpg;jpeg;jpe;resx;tiff;tif;png;wav;mfcribbon-ms</Extensions>
    </Filter>
  </ItemGroup>
  <ItemGroup>
    <ClInclude Include="stdafx.h">
      <Filter>Header Files</Filter>
    </ClInclude>
    <ClInclude Include="targetver.h">
      <Filter>Header Files</Filter>
    </ClInclude>
    <ClInclude Include="Profile.h">
      <Filter>Header Files</Filter>
    </ClInclude>
    <ClInclude Include="Service2.h">
      <Filter>Header Files</Filter>
    </ClInclude>
    <ClInclude Include="Characteristic2.h">
      <Filter>Header Files</Filter>
    </ClInclude>
    <ClInclude Include="Config.h">
      <Filter>Header Files</Filter>
    </ClInclude>
    <ClInclude Include="Descriptor2.h">
      <Filter>Header Files</Filter>
    </ClInclude>
    <ClInclude Include="MWDevice.h">
      <Filter>Header Files</Filter>
    </ClInclude>
    <ClInclude Include="src\metawear\core\cpp\anonymous_datasignal_private.h">
      <Filter>Header Files</Filter>
    </ClInclude>
    <ClInclude Include="src\metawear\core\cpp\constant.h">
      <Filter>Header Files</Filter>
    </ClInclude>
    <ClInclude Include="src\metawear\core\cpp\datainterpreter.h">
      <Filter>Header Files</Filter>
    </ClInclude>
    <ClInclude Include="src\metawear\core\cpp\datasignal_private.h">
      <Filter>Header Files</Filter>
    </ClInclude>
    <ClInclude Include="src\metawear\core\cpp\debug_private.h">
      <Filter>Header Files</Filter>
    </ClInclude>
    <ClInclude Include="src\metawear\core\cpp\event_private.h">
      <Filter>Header Files</Filter>
    </ClInclude>
    <ClInclude Include="src\metawear\core\cpp\event_register.h">
      <Filter>Header Files</Filter>
    </ClInclude>
    <ClInclude Include="src\metawear\core\cpp\logging_private.h">
      <Filter>Header Files</Filter>
    </ClInclude>
    <ClInclude Include="src\metawear\core\cpp\logging_register.h">
      <Filter>Header Files</Filter>
    </ClInclude>
    <ClInclude Include="src\metawear\core\cpp\macro_private.h">
      <Filter>Header Files</Filter>
    </ClInclude>
    <ClInclude Include="src\metawear\core\cpp\macro_register.h">
      <Filter>Header Files</Filter>
    </ClInclude>
    <ClInclude Include="src\metawear\core\cpp\metawearboard_def.h">
      <Filter>Header Files</Filter>
    </ClInclude>
    <ClInclude Include="src\metawear\core\cpp\metawearboard_macro.h">
      <Filter>Header Files</Filter>
    </ClInclude>
    <ClInclude Include="src\metawear\core\cpp\moduleinfo.h">
      <Filter>Header Files</Filter>
    </ClInclude>
    <ClInclude Include="src\metawear\core\cpp\register.h">
      <Filter>Header Files</Filter>
    </ClInclude>
    <ClInclude Include="src\metawear\core\cpp\responseheader.h">
      <Filter>Header Files</Filter>
    </ClInclude>
    <ClInclude Include="src\metawear\core\cpp\settings_private.h">
      <Filter>Header Files</Filter>
    </ClInclude>
    <ClInclude Include="src\metawear\core\cpp\settings_register.h">
      <Filter>Header Files</Filter>
    </ClInclude>
    <ClInclude Include="src\metawear\core\cpp\timer_private.h">
      <Filter>Header Files</Filter>
    </ClInclude>
    <ClInclude Include="src\metawear\core\cpp\timer_register.h">
      <Filter>Header Files</Filter>
    </ClInclude>
    <ClInclude Include="src\metawear\core\cpp\version.h">
      <Filter>Header Files</Filter>
    </ClInclude>
    <ClInclude Include="src\metawear\core\anonymous_datasignal.h">
      <Filter>Header Files</Filter>
    </ClInclude>
    <ClInclude Include="src\metawear\core\anonymous_datasignal_fwd.h">
      <Filter>Header Files</Filter>
    </ClInclude>
    <ClInclude Include="src\metawear\core\data.h">
      <Filter>Header Files</Filter>
    </ClInclude>
    <ClInclude Include="src\metawear\core\datasignal.h">
      <Filter>Header Files</Filter>
    </ClInclude>
    <ClInclude Include="src\metawear\core\datasignal_fwd.h">
      <Filter>Header Files</Filter>
    </ClInclude>
    <ClInclude Include="src\metawear\core\debug.h">
      <Filter>Header Files</Filter>
    </ClInclude>
    <ClInclude Include="src\metawear\core\event.h">
      <Filter>Header Files</Filter>
    </ClInclude>
    <ClInclude Include="src\metawear\core\event_fwd.h">
      <Filter>Header Files</Filter>
    </ClInclude>
    <ClInclude Include="src\metawear\core\logging.h">
      <Filter>Header Files</Filter>
    </ClInclude>
    <ClInclude Include="src\metawear\core\logging_fwd.h">
      <Filter>Header Files</Filter>
    </ClInclude>
    <ClInclude Include="src\metawear\core\macro.h">
      <Filter>Header Files</Filter>
    </ClInclude>
    <ClInclude Include="src\metawear\core\metawearboard.h">
      <Filter>Header Files</Filter>
    </ClInclude>
    <ClInclude Include="src\metawear\core\metawearboard_fwd.h">
      <Filter>Header Files</Filter>
    </ClInclude>
    <ClInclude Include="src\metawear\core\model.h">
      <Filter>Header Files</Filter>
    </ClInclude>
    <ClInclude Include="src\metawear\core\module.h">
      <Filter>Header Files</Filter>
    </ClInclude>
    <ClInclude Include="src\metawear\core\settings.h">
      <Filter>Header Files</Filter>
    </ClInclude>
    <ClInclude Include="src\metawear\core\status.h">
      <Filter>Header Files</Filter>
    </ClInclude>
    <ClInclude Include="src\metawear\core\timer.h">
      <Filter>Header Files</Filter>
    </ClInclude>
    <ClInclude Include="src\metawear\core\timer_fwd.h">
      <Filter>Header Files</Filter>
    </ClInclude>
    <ClInclude Include="src\metawear\core\types.h">
      <Filter>Header Files</Filter>
    </ClInclude>
    <ClInclude Include="src\metawear\dfu\cpp\dfu_operations.h">
      <Filter>Header Files</Filter>
    </ClInclude>
    <ClInclude Include="src\metawear\dfu\cpp\dfu_operations_details.h">
      <Filter>Header Files</Filter>
    </ClInclude>
    <ClInclude Include="src\metawear\dfu\cpp\dfu_utility.h">
      <Filter>Header Files</Filter>
    </ClInclude>
    <ClInclude Include="src\metawear\dfu\cpp\file_operations.h">
      <Filter>Header Files</Filter>
    </ClInclude>
    <ClInclude Include="src\metawear\dfu\cpp\json.hpp">
      <Filter>Header Files</Filter>
    </ClInclude>
    <ClInclude Include="src\metawear\dfu\cpp\miniz.h">
      <Filter>Header Files</Filter>
    </ClInclude>
    <ClInclude Include="src\metawear\peripheral\haptic.h">
      <Filter>Header Files</Filter>
    </ClInclude>
    <ClInclude Include="src\metawear\peripheral\ibeacon.h">
      <Filter>Header Files</Filter>
    </ClInclude>
    <ClInclude Include="src\metawear\peripheral\led.h">
      <Filter>Header Files</Filter>
    </ClInclude>
    <ClInclude Include="src\metawear\peripheral\neopixel.h">
      <Filter>Header Files</Filter>
    </ClInclude>
    <ClInclude Include="src\metawear\peripheral\peripheral_common.h">
      <Filter>Header Files</Filter>
    </ClInclude>
    <ClInclude Include="src\metawear\platform\cpp\async_creator.h">
      <Filter>Header Files</Filter>
    </ClInclude>
    <ClInclude Include="src\metawear\platform\cpp\concurrent_queue.h">
      <Filter>Header Files</Filter>
    </ClInclude>
    <ClInclude Include="src\metawear\platform\cpp\task.h">
      <Filter>Header Files</Filter>
    </ClInclude>
    <ClInclude Include="src\metawear\platform\cpp\threadpool.h">
      <Filter>Header Files</Filter>
    </ClInclude>
    <ClInclude Include="src\metawear\platform\btle_connection.h">
      <Filter>Header Files</Filter>
    </ClInclude>
    <ClInclude Include="src\metawear\platform\dllmarker.h">
      <Filter>Header Files</Filter>
    </ClInclude>
    <ClInclude Include="src\metawear\platform\memory.h">
      <Filter>Header Files</Filter>
    </ClInclude>
    <ClInclude Include="src\metawear\processor\cpp\dataprocessor_config.h">
      <Filter>Header Files</Filter>
    </ClInclude>
    <ClInclude Include="src\metawear\processor\cpp\dataprocessor_private.h">
      <Filter>Header Files</Filter>
    </ClInclude>
    <ClInclude Include="src\metawear\processor\cpp\dataprocessor_register.h">
      <Filter>Header Files</Filter>
    </ClInclude>
    <ClInclude Include="src\metawear\processor\accounter.h">
      <Filter>Header Files</Filter>
    </ClInclude>
    <ClInclude Include="src\metawear\processor\accumulator.h">
      <Filter>Header Files</Filter>
    </ClInclude>
    <ClInclude Include="src\metawear\processor\average.h">
      <Filter>Header Files</Filter>
    </ClInclude>
    <ClInclude Include="src\metawear\processor\buffer.h">
      <Filter>Header Files</Filter>
    </ClInclude>
    <ClInclude Include="src\metawear\processor\comparator.h">
      <Filter>Header Files</Filter>
    </ClInclude>
    <ClInclude Include="src\metawear\processor\counter.h">
      <Filter>Header Files</Filter>
    </ClInclude>
    <ClInclude Include="src\metawear\processor\dataprocessor.h">
      <Filter>Header Files</Filter>
    </ClInclude>
    <ClInclude Include="src\metawear\processor\dataprocessor_fwd.h">
      <Filter>Header Files</Filter>
    </ClInclude>
    <ClInclude Include="src\metawear\processor\delta.h">
      <Filter>Header Files</Filter>
    </ClInclude>
    <ClInclude Include="src\metawear\processor\math.h">
      <Filter>Header Files</Filter>
    </ClInclude>
    <ClInclude Include="src\metawear\processor\packer.h">
      <Filter>Header Files</Filter>
    </ClInclude>
    <ClInclude Include="src\metawear\processor\passthrough.h">
      <Filter>Header Files</Filter>
    </ClInclude>
    <ClInclude Include="src\metawear\processor\processor_common.h">
      <Filter>Header Files</Filter>
    </ClInclude>
    <ClInclude Include="src\metawear\processor\pulse.h">
      <Filter>Header Files</Filter>
    </ClInclude>
    <ClInclude Include="src\metawear\processor\rms.h">
      <Filter>Header Files</Filter>
    </ClInclude>
    <ClInclude Include="src\metawear\processor\rss.h">
      <Filter>Header Files</Filter>
    </ClInclude>
    <ClInclude Include="src\metawear\processor\sample.h">
      <Filter>Header Files</Filter>
    </ClInclude>
    <ClInclude Include="src\metawear\processor\threshold.h">
      <Filter>Header Files</Filter>
    </ClInclude>
    <ClInclude Include="src\metawear\processor\time.h">
      <Filter>Header Files</Filter>
    </ClInclude>
    <ClInclude Include="src\metawear\sensor\cpp\accelerometer_bosch_private.h">
      <Filter>Header Files</Filter>
    </ClInclude>
    <ClInclude Include="src\metawear\sensor\cpp\accelerometer_bosch_register.h">
      <Filter>Header Files</Filter>
    </ClInclude>
    <ClInclude Include="src\metawear\sensor\cpp\accelerometer_mma8452q_private.h">
      <Filter>Header Files</Filter>
    </ClInclude>
    <ClInclude Include="src\metawear\sensor\cpp\accelerometer_mma8452q_register.h">
      <Filter>Header Files</Filter>
    </ClInclude>
    <ClInclude Include="src\metawear\sensor\cpp\accelerometer_private.h">
      <Filter>Header Files</Filter>
    </ClInclude>
    <ClInclude Include="src\metawear\sensor\cpp\ambientlight_ltr329_private.h">
      <Filter>Header Files</Filter>
    </ClInclude>
    <ClInclude Include="src\metawear\sensor\cpp\ambientlight_ltr329_register.h">
      <Filter>Header Files</Filter>
    </ClInclude>
    <ClInclude Include="src\metawear\sensor\cpp\barometer_bosch_private.h">
      <Filter>Header Files</Filter>
    </ClInclude>
    <ClInclude Include="src\metawear\sensor\cpp\barometer_bosch_register.h">
      <Filter>Header Files</Filter>
    </ClInclude>
    <ClInclude Include="src\metawear\sensor\cpp\colordetector_tcs34725_private.h">
      <Filter>Header Files</Filter>
    </ClInclude>
    <ClInclude Include="src\metawear\sensor\cpp\colordetector_tcs34725_register.h">
      <Filter>Header Files</Filter>
    </ClInclude>
    <ClInclude Include="src\metawear\sensor\cpp\conductance_private.h">
      <Filter>Header Files</Filter>
    </ClInclude>
    <ClInclude Include="src\metawear\sensor\cpp\conductance_register.h">
      <Filter>Header Files</Filter>
    </ClInclude>
    <ClInclude Include="src\metawear\sensor\cpp\gpio_private.h">
      <Filter>Header Files</Filter>
    </ClInclude>
    <ClInclude Include="src\metawear\sensor\cpp\gpio_register.h">
      <Filter>Header Files</Filter>
    </ClInclude>
    <ClInclude Include="src\metawear\sensor\cpp\gyro_bmi160_private.h">
      <Filter>Header Files</Filter>
    </ClInclude>
    <ClInclude Include="src\metawear\sensor\cpp\gyro_bmi160_register.h">
      <Filter>Header Files</Filter>
    </ClInclude>
    <ClInclude Include="src\metawear\sensor\cpp\humidity_bme280_private.h">
      <Filter>Header Files</Filter>
    </ClInclude>
    <ClInclude Include="src\metawear\sensor\cpp\humidity_bme280_register.h">
      <Filter>Header Files</Filter>
    </ClInclude>
    <ClInclude Include="src\metawear\sensor\cpp\magnetometer_bmm150_private.h">
      <Filter>Header Files</Filter>
    </ClInclude>
    <ClInclude Include="src\metawear\sensor\cpp\magnetometer_bmm150_register.h">
      <Filter>Header Files</Filter>
    </ClInclude>
    <ClInclude Include="src\metawear\sensor\cpp\multichanneltemperature_private.h">
      <Filter>Header Files</Filter>
    </ClInclude>
    <ClInclude Include="src\metawear\sensor\cpp\multichanneltemperature_register.h">
      <Filter>Header Files</Filter>
    </ClInclude>
    <ClInclude Include="src\metawear\sensor\cpp\proximity_tsl2671_private.h">
      <Filter>Header Files</Filter>
    </ClInclude>
    <ClInclude Include="src\metawear\sensor\cpp\proximity_tsl2671_register.h">
      <Filter>Header Files</Filter>
    </ClInclude>
    <ClInclude Include="src\metawear\sensor\cpp\sensor_fusion_private.h">
      <Filter>Header Files</Filter>
    </ClInclude>
    <ClInclude Include="src\metawear\sensor\cpp\sensor_fusion_register.h">
      <Filter>Header Files</Filter>
    </ClInclude>
    <ClInclude Include="src\metawear\sensor\cpp\serialpassthrough_private.h">
      <Filter>Header Files</Filter>
    </ClInclude>
    <ClInclude Include="src\metawear\sensor\cpp\serialpassthrough_register.h">
      <Filter>Header Files</Filter>
    </ClInclude>
    <ClInclude Include="src\metawear\sensor\cpp\switch_private.h">
      <Filter>Header Files</Filter>
    </ClInclude>
    <ClInclude Include="src\metawear\sensor\cpp\switch_register.h">
      <Filter>Header Files</Filter>
    </ClInclude>
    <ClInclude Include="src\metawear\sensor\cpp\utils.h">
      <Filter>Header Files</Filter>
    </ClInclude>
    <ClInclude Include="src\metawear\sensor\accelerometer.h">
      <Filter>Header Files</Filter>
    </ClInclude>
    <ClInclude Include="src\metawear\sensor\accelerometer_bosch.h">
      <Filter>Header Files</Filter>
    </ClInclude>
    <ClInclude Include="src\metawear\sensor\accelerometer_mma8452q.h">
      <Filter>Header Files</Filter>
    </ClInclude>
    <ClInclude Include="src\metawear\sensor\ambientlight_ltr329.h">
      <Filter>Header Files</Filter>
    </ClInclude>
    <ClInclude Include="src\metawear\sensor\barometer_bosch.h">
      <Filter>Header Files</Filter>
    </ClInclude>
    <ClInclude Include="src\metawear\sensor\colordetector_tcs34725.h">
      <Filter>Header Files</Filter>
    </ClInclude>
    <ClInclude Include="src\metawear\sensor\conductance.h">
      <Filter>Header Files</Filter>
    </ClInclude>
    <ClInclude Include="src\metawear\sensor\gpio.h">
      <Filter>Header Files</Filter>
    </ClInclude>
    <ClInclude Include="src\metawear\sensor\gyro_bmi160.h">
      <Filter>Header Files</Filter>
    </ClInclude>
    <ClInclude Include="src\metawear\sensor\humidity_bme280.h">
      <Filter>Header Files</Filter>
    </ClInclude>
    <ClInclude Include="src\metawear\sensor\i2c.h">
      <Filter>Header Files</Filter>
    </ClInclude>
    <ClInclude Include="src\metawear\sensor\magnetometer_bmm150.h">
      <Filter>Header Files</Filter>
    </ClInclude>
    <ClInclude Include="src\metawear\sensor\multichanneltemperature.h">
      <Filter>Header Files</Filter>
    </ClInclude>
    <ClInclude Include="src\metawear\sensor\proximity_tsl2671.h">
      <Filter>Header Files</Filter>
    </ClInclude>
    <ClInclude Include="src\metawear\sensor\sensor_common.h">
      <Filter>Header Files</Filter>
    </ClInclude>
    <ClInclude Include="src\metawear\sensor\sensor_fusion.h">
      <Filter>Header Files</Filter>
    </ClInclude>
    <ClInclude Include="src\metawear\sensor\spi.h">
      <Filter>Header Files</Filter>
    </ClInclude>
    <ClInclude Include="src\metawear\sensor\switch.h">
      <Filter>Header Files</Filter>
    </ClInclude>
    <ClInclude Include="Application.h">
      <Filter>Header Files</Filter>
    </ClInclude>
  </ItemGroup>
  <ItemGroup>
    <ClCompile Include="stdafx.cpp">
      <Filter>Source Files</Filter>
    </ClCompile>
    <ClCompile Include="BluetoothGatt.cpp">
      <Filter>Source Files</Filter>
    </ClCompile>
    <ClCompile Include="Profile.cpp">
      <Filter>Source Files</Filter>
    </ClCompile>
    <ClCompile Include="Service2.cpp">
      <Filter>Source Files</Filter>
    </ClCompile>
    <ClCompile Include="Characteristic2.cpp">
      <Filter>Source Files</Filter>
    </ClCompile>
    <ClCompile Include="Descriptor2.cpp">
      <Filter>Source Files</Filter>
    </ClCompile>
    <ClCompile Include="MWDevice.cpp">
      <Filter>Source Files</Filter>
    </ClCompile>
    <ClCompile Include="src\metawear\core\cpp\anonymous_datasignal.cpp">
      <Filter>Source Files</Filter>
    </ClCompile>
    <ClCompile Include="src\metawear\core\cpp\datasignal.cpp">
      <Filter>Source Files</Filter>
    </ClCompile>
    <ClCompile Include="src\metawear\core\cpp\debug.cpp">
      <Filter>Source Files</Filter>
    </ClCompile>
    <ClCompile Include="src\metawear\core\cpp\event.cpp">
      <Filter>Source Files</Filter>
    </ClCompile>
    <ClCompile Include="src\metawear\core\cpp\logging.cpp">
      <Filter>Source Files</Filter>
    </ClCompile>
    <ClCompile Include="src\metawear\core\cpp\macro.cpp">
      <Filter>Source Files</Filter>
    </ClCompile>
    <ClCompile Include="src\metawear\core\cpp\moduleinfo.cpp">
      <Filter>Source Files</Filter>
    </ClCompile>
    <ClCompile Include="src\metawear\core\cpp\responseheader.cpp">
      <Filter>Source Files</Filter>
    </ClCompile>
    <ClCompile Include="src\metawear\core\cpp\settings.cpp">
      <Filter>Source Files</Filter>
    </ClCompile>
    <ClCompile Include="src\metawear\core\cpp\timer.cpp">
      <Filter>Source Files</Filter>
    </ClCompile>
    <ClCompile Include="src\metawear\core\cpp\version.cpp">
      <Filter>Source Files</Filter>
    </ClCompile>
    <ClCompile Include="src\metawear\dfu\cpp\dfu_operations.cpp">
      <Filter>Source Files</Filter>
    </ClCompile>
    <ClCompile Include="src\metawear\dfu\cpp\dfu_operations_details.cpp">
      <Filter>Source Files</Filter>
    </ClCompile>
    <ClCompile Include="src\metawear\dfu\cpp\dfu_utility.cpp">
      <Filter>Source Files</Filter>
    </ClCompile>
    <ClCompile Include="src\metawear\dfu\cpp\file_operations.cpp">
      <Filter>Source Files</Filter>
    </ClCompile>
    <ClCompile Include="src\metawear\dfu\cpp\miniz.cpp">
      <Filter>Source Files</Filter>
    </ClCompile>
    <ClCompile Include="src\metawear\impl\cpp\datainterpreter.cpp">
      <Filter>Source Files</Filter>
    </ClCompile>
    <ClCompile Include="src\metawear\impl\cpp\metawearboard.cpp">
      <Filter>Source Files</Filter>
    </ClCompile>
    <ClCompile Include="src\metawear\peripheral\cpp\haptic.cpp">
      <Filter>Source Files</Filter>
    </ClCompile>
    <ClCompile Include="src\metawear\peripheral\cpp\ibeacon.cpp">
      <Filter>Source Files</Filter>
    </ClCompile>
    <ClCompile Include="src\metawear\peripheral\cpp\led.cpp">
      <Filter>Source Files</Filter>
    </ClCompile>
    <ClCompile Include="src\metawear\peripheral\cpp\neopixel.cpp">
      <Filter>Source Files</Filter>
    </ClCompile>
    <ClCompile Include="src\metawear\platform\cpp\async_creator.cpp">
      <Filter>Source Files</Filter>
    </ClCompile>
    <ClCompile Include="src\metawear\platform\cpp\memory.cpp">
      <Filter>Source Files</Filter>
    </ClCompile>
    <ClCompile Include="src\metawear\platform\cpp\task.cpp">
      <Filter>Source Files</Filter>
    </ClCompile>
    <ClCompile Include="src\metawear\platform\cpp\threadpool.cpp">
      <Filter>Source Files</Filter>
    </ClCompile>
    <ClCompile Include="src\metawear\processor\cpp\dataprocessor.cpp">
      <Filter>Source Files</Filter>
    </ClCompile>
    <ClCompile Include="src\metawear\processor\cpp\dataprocessor_config.cpp">
      <Filter>Source Files</Filter>
    </ClCompile>
    <ClCompile Include="src\metawear\sensor\cpp\accelerometer.cpp">
      <Filter>Source Files</Filter>
    </ClCompile>
    <ClCompile Include="src\metawear\sensor\cpp\accelerometer_bosch.cpp">
      <Filter>Source Files</Filter>
    </ClCompile>
    <ClCompile Include="src\metawear\sensor\cpp\accelerometer_mma8452q.cpp">
      <Filter>Source Files</Filter>
    </ClCompile>
    <ClCompile Include="src\metawear\sensor\cpp\ambientlight_ltr329.cpp">
      <Filter>Source Files</Filter>
    </ClCompile>
    <ClCompile Include="src\metawear\sensor\cpp\barometer_bosch.cpp">
      <Filter>Source Files</Filter>
    </ClCompile>
    <ClCompile Include="src\metawear\sensor\cpp\colordetector_tcs34725.cpp">
      <Filter>Source Files</Filter>
    </ClCompile>
    <ClCompile Include="src\metawear\sensor\cpp\conductance.cpp">
      <Filter>Source Files</Filter>
    </ClCompile>
    <ClCompile Include="src\metawear\sensor\cpp\gpio.cpp">
      <Filter>Source Files</Filter>
    </ClCompile>
    <ClCompile Include="src\metawear\sensor\cpp\gyro_bmi160.cpp">
      <Filter>Source Files</Filter>
    </ClCompile>
    <ClCompile Include="src\metawear\sensor\cpp\humidity_bme280.cpp">
      <Filter>Source Files</Filter>
    </ClCompile>
    <ClCompile Include="src\metawear\sensor\cpp\magnetometer_bmm150.cpp">
      <Filter>Source Files</Filter>
    </ClCompile>
    <ClCompile Include="src\metawear\sensor\cpp\multichanneltemperature.cpp">
      <Filter>Source Files</Filter>
    </ClCompile>
    <ClCompile Include="src\metawear\sensor\cpp\proximity_tsl2671.cpp">
      <Filter>Source Files</Filter>
    </ClCompile>
    <ClCompile Include="src\metawear\sensor\cpp\sensor_fusion.cpp">
      <Filter>Source Files</Filter>
    </ClCompile>
    <ClCompile Include="src\metawear\sensor\cpp\serialpassthrough.cpp">
      <Filter>Source Files</Filter>
    </ClCompile>
    <ClCompile Include="src\metawear\sensor\cpp\switch.cpp">
      <Filter>Source Files</Filter>
    </ClCompile>
    <ClCompile Include="src\metawear\sensor\cpp\utils.cpp">
      <Filter>Source Files</Filter>
    </ClCompile>
    <ClCompile Include="Application.cpp">
      <Filter>Source Files</Filter>
    </ClCompile>
  </ItemGroup>
</Project>