
Microsoft Visual Studio Solution File, Format Version 12.00
# Visual Studio 15
VisualStudioVersion = 15.0.27428.2011
MinimumVisualStudioVersion = 10.0.40219.1
Project("{8BC9CEB8-8B4A-11D0-8D11-00A0C91BC942}") = "BluetoothGatt", "BluetoothGatt\BluetoothGatt.vcxproj", "{C4957B7E-CD0D-4EAF-A4AE-F89CC933AFE9}"
EndProject
Global
	GlobalSection(SolutionConfigurationPlatforms) = preSolution
		Debug|x64 = Debug|x64
		Debug|x86 = Debug|x86
		Release|x64 = Release|x64
		Release|x86 = Release|x86
	EndGlobalSection
	GlobalSection(ProjectConfigurationPlatforms) = postSolution
		{C4957B7E-CD0D-4EAF-A4AE-F89CC933AFE9}.Debug|x64.ActiveCfg = Debug|x64
		{C4957B7E-CD0D-4EAF-A4AE-F89CC933AFE9}.Debug|x64.Build.0 = Debug|x64
		{C4957B7E-CD0D-4EAF-A4AE-F89CC933AFE9}.Debug|x86.ActiveCfg = Debug|Win32
		{C4957B7E-CD0D-4EAF-A4AE-F89CC933AFE9}.Debug|x86.Build.0 = Debug|Win32
		{C4957B7E-CD0D-4EAF-A4AE-F89CC933AFE9}.Release|x64.ActiveCfg = Release|x64
		{C4957B7E-CD0D-4EAF-A4AE-F89CC933AFE9}.Release|x64.Build.0 = Release|x64
		{C4957B7E-CD0D-4EAF-A4AE-F89CC933AFE9}.Release|x86.ActiveCfg = Release|Win32
		{C4957B7E-CD0D-4EAF-A4AE-F89CC933AFE9}.Release|x86.Build.0 = Release|Win32
	EndGlobalSection
	GlobalSection(SolutionProperties) = preSolution
		HideSolutionNode = FALSE
	EndGlobalSection
	GlobalSection(ExtensibilityGlobals) = postSolution
		SolutionGuid = {185572A5-168F-40F5-B5E3-188BBD39A49C}
	EndGlobalSection
EndGlobal
